
Microsoft Visual Studio Solution File, Format Version 12.00
# Visual Studio Version 17
VisualStudioVersion = 17.3.32819.101
MinimumVisualStudioVersion = 10.0.40219.1
Project("{FAE04EC0-301F-11D3-BF4B-00C04F79EFBC}") = "WebApp", "WebApp\WebApp.csproj", "{F5BEB625-E6F5-4439-A4A6-53D0765FF9D7}"
EndProject
Project("{FAE04EC0-301F-11D3-BF4B-00C04F79EFBC}") = "ChinookSystem", "ChinookSystem\ChinookSystem.csproj", "{75B1ACEC-D36A-4AC0-9D7C-A4D48C227A12}"
EndProject
Global
	GlobalSection(SolutionConfigurationPlatforms) = preSolution
		Debug|Any CPU = Debug|Any CPU
		Release|Any CPU = Release|Any CPU
	EndGlobalSection
	GlobalSection(ProjectConfigurationPlatforms) = postSolution
		{F5BEB625-E6F5-4439-A4A6-53D0765FF9D7}.Debug|Any CPU.ActiveCfg = Debug|Any CPU
		{F5BEB625-E6F5-4439-A4A6-53D0765FF9D7}.Debug|Any CPU.Build.0 = Debug|Any CPU
		{F5BEB625-E6F5-4439-A4A6-53D0765FF9D7}.Release|Any CPU.ActiveCfg = Release|Any CPU
		{F5BEB625-E6F5-4439-A4A6-53D0765FF9D7}.Release|Any CPU.Build.0 = Release|Any CPU
		{75B1ACEC-D36A-4AC0-9D7C-A4D48C227A12}.Debug|Any CPU.ActiveCfg = Debug|Any CPU
		{75B1ACEC-D36A-4AC0-9D7C-A4D48C227A12}.Debug|Any CPU.Build.0 = Debug|Any CPU
		{75B1ACEC-D36A-4AC0-9D7C-A4D48C227A12}.Release|Any CPU.ActiveCfg = Release|Any CPU
		{75B1ACEC-D36A-4AC0-9D7C-A4D48C227A12}.Release|Any CPU.Build.0 = Release|Any CPU
	EndGlobalSection
	GlobalSection(SolutionProperties) = preSolution
		HideSolutionNode = FALSE
	EndGlobalSection
	GlobalSection(ExtensibilityGlobals) = postSolution
		SolutionGuid = {621D6D7B-42A4-4056-ACF9-65AE614AB25A}
	EndGlobalSection
EndGlobal
